
Microsoft Visual Studio Solution File, Format Version 12.00
# Visual Studio Version 18
VisualStudioVersion = 18.5.11801.241 oobstable
MinimumVisualStudioVersion = 10.0.40219.1
Project("{FAE04EC0-301F-11D3-BF4B-00C04F79EFBC}") = "ffxiv-msq-thai", "ffxiv-msq-thai\ffxiv-msq-thai.csproj", "{93132A2F-1CE3-64E7-1654-D7679D65A49D}"
EndProject
Global
	GlobalSection(SolutionConfigurationPlatforms) = preSolution
		Debug|x64 = Debug|x64
		Release|x64 = Release|x64
	EndGlobalSection
	GlobalSection(ProjectConfigurationPlatforms) = postSolution
		{93132A2F-1CE3-64E7-1654-D7679D65A49D}.Debug|x64.ActiveCfg = Debug|x64
		{93132A2F-1CE3-64E7-1654-D7679D65A49D}.Debug|x64.Build.0 = Debug|x64
		{93132A2F-1CE3-64E7-1654-D7679D65A49D}.Release|x64.ActiveCfg = Release|x64
		{93132A2F-1CE3-64E7-1654-D7679D65A49D}.Release|x64.Build.0 = Release|x64
	EndGlobalSection
	GlobalSection(SolutionProperties) = preSolution
		HideSolutionNode = FALSE
	EndGlobalSection
	GlobalSection(ExtensibilityGlobals) = postSolution
		SolutionGuid = {5A6A81A0-E579-4C60-A43A-F92A7A92A231}
	EndGlobalSection
EndGlobal
